
Microsoft Visual Studio Solution File, Format Version 12.00
# Visual Studio Version 17
VisualStudioVersion = 17.7.34202.233
MinimumVisualStudioVersion = 10.0.40219.1
Project("{FAE04EC0-301F-11D3-BF4B-00C04F79EFBC}") = "zestx5.BacklogW", "zestx5.BacklogW\zestx5.BacklogW.csproj", "{500BC84D-EC72-4BCA-B906-04178027B608}"
EndProject
Project("{FAE04EC0-301F-11D3-BF4B-00C04F79EFBC}") = "zestx5.BacklogW.ConsoleUi", "zestx5.BacklogW.ConsoleUi\zestx5.BacklogW.ConsoleUi.csproj", "{6AAE3B96-4686-4CA3-A4EA-BFA03161EB78}"
EndProject
Global
	GlobalSection(SolutionConfigurationPlatforms) = preSolution
		Debug|Any CPU = Debug|Any CPU
		Release|Any CPU = Release|Any CPU
	EndGlobalSection
	GlobalSection(ProjectConfigurationPlatforms) = postSolution
		{500BC84D-EC72-4BCA-B906-04178027B608}.Debug|Any CPU.ActiveCfg = Debug|Any CPU
		{500BC84D-EC72-4BCA-B906-04178027B608}.Debug|Any CPU.Build.0 = Debug|Any CPU
		{500BC84D-EC72-4BCA-B906-04178027B608}.Release|Any CPU.ActiveCfg = Release|Any CPU
		{500BC84D-EC72-4BCA-B906-04178027B608}.Release|Any CPU.Build.0 = Release|Any CPU
		{6AAE3B96-4686-4CA3-A4EA-BFA03161EB78}.Debug|Any CPU.ActiveCfg = Debug|Any CPU
		{6AAE3B96-4686-4CA3-A4EA-BFA03161EB78}.Debug|Any CPU.Build.0 = Debug|Any CPU
		{6AAE3B96-4686-4CA3-A4EA-BFA03161EB78}.Release|Any CPU.ActiveCfg = Release|Any CPU
		{6AAE3B96-4686-4CA3-A4EA-BFA03161EB78}.Release|Any CPU.Build.0 = Release|Any CPU
	EndGlobalSection
	GlobalSection(SolutionProperties) = preSolution
		HideSolutionNode = FALSE
	EndGlobalSection
	GlobalSection(ExtensibilityGlobals) = postSolution
		SolutionGuid = {62CC62AF-36B4-4066-A11C-4D6ED3468811}
	EndGlobalSection
EndGlobal
